# This file is generated by Arandu. Do not edit.
version = 2
manifest_fingerprint = "blake3:35ef9e7b4f711d1d38f39e0e2f8e7f411925dff0d17e959a0b58bae0c00ee13e"

[[package]]
name = "editor_test"
version = "0.0.1"
source = "root"
manifest_fingerprint = "blake3:bb994b2b109d32022834bfb2a7b1b4979895bb240d5c2ec71a6ca08a11aa8678"
dependencies = []
