# This file is generated by Arandu. Do not edit.
version = 2
manifest_fingerprint = "blake3:178763cb97a9384aa757d34e8c41348d7bf56c4884cfa96baaa21a55d927bf4e"

[[package]]
name = "slt5_product"
version = "0.0.1"
source = "root"
manifest_fingerprint = "blake3:596069b80b6489ab70a0420b20e1a453202f32f0c2014c2dbd72490d1de99748"
dependencies = []
